
Microsoft Visual Studio Solution File, Format Version 11.00
# Visual Studio 2010
Project("{FAE04EC0-301F-11D3-BF4B-00C04F79EFBC}") = "GetBit Project", "GetBit Project\GetBit Project.csproj", "{9A6BF6E7-957F-4690-9AF4-F51544E83CB5}"
EndProject
Project("{2150E333-8FDC-42A3-9474-1A3956D46DE8}") = "Solution Items", "Solution Items", "{43597015-B5AE-42FE-9419-0190E30ABC23}"
	ProjectSection(SolutionItems) = preProject
		GetBit Project.vsmdi = GetBit Project.vsmdi
		Local.testsettings = Local.testsettings
		TraceAndTestImpact.testsettings = TraceAndTestImpact.testsettings
	EndProjectSection
EndProject
Project("{FAE04EC0-301F-11D3-BF4B-00C04F79EFBC}") = "GetBitTest", "GetBitTest\GetBitTest.csproj", "{0A988A40-C263-4863-9067-68D1D2E6147D}"
EndProject
Global
	GlobalSection(TestCaseManagementSettings) = postSolution
		CategoryFile = GetBit Project.vsmdi
	EndGlobalSection
	GlobalSection(SolutionConfigurationPlatforms) = preSolution
		Debug|Any CPU = Debug|Any CPU
		Debug|x86 = Debug|x86
		Release|Any CPU = Release|Any CPU
		Release|x86 = Release|x86
	EndGlobalSection
	GlobalSection(ProjectConfigurationPlatforms) = postSolution
		{9A6BF6E7-957F-4690-9AF4-F51544E83CB5}.Debug|Any CPU.ActiveCfg = Debug|x86
		{9A6BF6E7-957F-4690-9AF4-F51544E83CB5}.Debug|x86.ActiveCfg = Debug|x86
		{9A6BF6E7-957F-4690-9AF4-F51544E83CB5}.Debug|x86.Build.0 = Debug|x86
		{9A6BF6E7-957F-4690-9AF4-F51544E83CB5}.Release|Any CPU.ActiveCfg = Release|x86
		{9A6BF6E7-957F-4690-9AF4-F51544E83CB5}.Release|x86.ActiveCfg = Release|x86
		{9A6BF6E7-957F-4690-9AF4-F51544E83CB5}.Release|x86.Build.0 = Release|x86
		{0A988A40-C263-4863-9067-68D1D2E6147D}.Debug|Any CPU.ActiveCfg = Debug|Any CPU
		{0A988A40-C263-4863-9067-68D1D2E6147D}.Debug|Any CPU.Build.0 = Debug|Any CPU
		{0A988A40-C263-4863-9067-68D1D2E6147D}.Debug|x86.ActiveCfg = Debug|Any CPU
		{0A988A40-C263-4863-9067-68D1D2E6147D}.Release|Any CPU.ActiveCfg = Release|Any CPU
		{0A988A40-C263-4863-9067-68D1D2E6147D}.Release|Any CPU.Build.0 = Release|Any CPU
		{0A988A40-C263-4863-9067-68D1D2E6147D}.Release|x86.ActiveCfg = Release|Any CPU
	EndGlobalSection
	GlobalSection(SolutionProperties) = preSolution
		HideSolutionNode = FALSE
	EndGlobalSection
EndGlobal
